
Microsoft Visual Studio Solution File, Format Version 12.00
# Visual Studio 15
VisualStudioVersion = 15.0.28307.1062
MinimumVisualStudioVersion = 10.0.40219.1
Project("{2150E333-8FDC-42A3-9474-1A3956D46DE8}") = "Consumers", "Consumers", "{6F6BB0F2-B5A1-4E84-B515-82839C5A62E7}"
EndProject
Project("{9A19103F-16F7-4668-BE54-9A1E7A4F7556}") = "Payments_API", "Payments_API\Payments_API.csproj", "{F029EF8F-6CFF-4E46-8F70-E1A266E4E4AB}"
EndProject
Project("{FAE04EC0-301F-11D3-BF4B-00C04F79EFBC}") = "PaymentCardConsumer", "PaymentCardConsumer\PaymentCardConsumer.csproj", "{A37E32B5-666C-4E3F-A0D4-7DEF417558E7}"
EndProject
Global
	GlobalSection(SolutionConfigurationPlatforms) = preSolution
		Debug|Any CPU = Debug|Any CPU
		Release|Any CPU = Release|Any CPU
	EndGlobalSection
	GlobalSection(ProjectConfigurationPlatforms) = postSolution
		{F029EF8F-6CFF-4E46-8F70-E1A266E4E4AB}.Debug|Any CPU.ActiveCfg = Debug|Any CPU
		{F029EF8F-6CFF-4E46-8F70-E1A266E4E4AB}.Debug|Any CPU.Build.0 = Debug|Any CPU
		{F029EF8F-6CFF-4E46-8F70-E1A266E4E4AB}.Release|Any CPU.ActiveCfg = Release|Any CPU
		{F029EF8F-6CFF-4E46-8F70-E1A266E4E4AB}.Release|Any CPU.Build.0 = Release|Any CPU
		{A37E32B5-666C-4E3F-A0D4-7DEF417558E7}.Debug|Any CPU.ActiveCfg = Debug|Any CPU
		{A37E32B5-666C-4E3F-A0D4-7DEF417558E7}.Debug|Any CPU.Build.0 = Debug|Any CPU
		{A37E32B5-666C-4E3F-A0D4-7DEF417558E7}.Release|Any CPU.ActiveCfg = Release|Any CPU
		{A37E32B5-666C-4E3F-A0D4-7DEF417558E7}.Release|Any CPU.Build.0 = Release|Any CPU
	EndGlobalSection
	GlobalSection(SolutionProperties) = preSolution
		HideSolutionNode = FALSE
	EndGlobalSection
	GlobalSection(NestedProjects) = preSolution
		{A37E32B5-666C-4E3F-A0D4-7DEF417558E7} = {6F6BB0F2-B5A1-4E84-B515-82839C5A62E7}
	EndGlobalSection
	GlobalSection(ExtensibilityGlobals) = postSolution
		SolutionGuid = {7D61D905-D698-4E31-931C-CE163D5784C7}
	EndGlobalSection
EndGlobal
